
Microsoft Visual Studio Solution File, Format Version 12.00
# Visual Studio 15
VisualStudioVersion = 15.0.28307.168
MinimumVisualStudioVersion = 10.0.40219.1
Project("{FAE04EC0-301F-11D3-BF4B-00C04F79EFBC}") = "CommunityInformation", "CommunityInformation\CommunityInformation.csproj", "{2178879A-E4D7-46BA-BA72-3C5D3848D31F}"
EndProject
Global
	GlobalSection(SolutionConfigurationPlatforms) = preSolution
		Debug|Any CPU = Debug|Any CPU
		Release|Any CPU = Release|Any CPU
	EndGlobalSection
	GlobalSection(ProjectConfigurationPlatforms) = postSolution
		{2178879A-E4D7-46BA-BA72-3C5D3848D31F}.Debug|Any CPU.ActiveCfg = Debug|Any CPU
		{2178879A-E4D7-46BA-BA72-3C5D3848D31F}.Debug|Any CPU.Build.0 = Debug|Any CPU
		{2178879A-E4D7-46BA-BA72-3C5D3848D31F}.Release|Any CPU.ActiveCfg = Release|Any CPU
		{2178879A-E4D7-46BA-BA72-3C5D3848D31F}.Release|Any CPU.Build.0 = Release|Any CPU
	EndGlobalSection
	GlobalSection(SolutionProperties) = preSolution
		HideSolutionNode = FALSE
	EndGlobalSection
	GlobalSection(ExtensibilityGlobals) = postSolution
		SolutionGuid = {802C4BC3-A353-4838-8D25-889DE4F35918}
	EndGlobalSection
EndGlobal
